
Microsoft Visual Studio Solution File, Format Version 12.00
# Visual Studio Version 16
VisualStudioVersion = 16.0.32510.428
MinimumVisualStudioVersion = 10.0.40219.1
Project("{FAE04EC0-301F-11D3-BF4B-00C04F79EFBC}") = "Back", "Back\Back.csproj", "{5DA987C4-BDDE-4200-B015-1C6730669E5D}"
EndProject
Global
	GlobalSection(SolutionConfigurationPlatforms) = preSolution
		Debug|Any CPU = Debug|Any CPU
		Release|Any CPU = Release|Any CPU
	EndGlobalSection
	GlobalSection(ProjectConfigurationPlatforms) = postSolution
		{5DA987C4-BDDE-4200-B015-1C6730669E5D}.Debug|Any CPU.ActiveCfg = Debug|Any CPU
		{5DA987C4-BDDE-4200-B015-1C6730669E5D}.Debug|Any CPU.Build.0 = Debug|Any CPU
		{5DA987C4-BDDE-4200-B015-1C6730669E5D}.Release|Any CPU.ActiveCfg = Release|Any CPU
		{5DA987C4-BDDE-4200-B015-1C6730669E5D}.Release|Any CPU.Build.0 = Release|Any CPU
	EndGlobalSection
	GlobalSection(SolutionProperties) = preSolution
		HideSolutionNode = FALSE
	EndGlobalSection
	GlobalSection(ExtensibilityGlobals) = postSolution
		SolutionGuid = {F4C57910-33E8-4712-B734-5DA81BA93887}
	EndGlobalSection
EndGlobal
